// !$*UTF8*$!
{
	archiveVersion = 1;
	classes = {
	};
	objectVersion = 46;
	objects = {

/* Begin PBXBuildFile section */
		8C6FC6B11D3E861200F52AE1 /* URLSessionExtensions.swift in Sources */ = {isa = PBXBuildFile; fileRef = 8C6FC6AA1D3E861200F52AE1 /* URLSessionExtensions.swift */; };
		8C6FC6B21D3E861200F52AE1 /* HandsomeURLSession.h in Headers */ = {isa = PBXBuildFile; fileRef = 8C6FC6AB1D3E861200F52AE1 /* HandsomeURLSession.h */; settings = {ATTRIBUTES = (Public, ); }; };
		8C6FC6BA1D3E863D00F52AE1 /* HandsomeURLSession.h in Headers */ = {isa = PBXBuildFile; fileRef = 8C6FC6AB1D3E861200F52AE1 /* HandsomeURLSession.h */; settings = {ATTRIBUTES = (Public, ); }; };
		8C6FC6BB1D3E863D00F52AE1 /* HandsomeURLSession.h in Headers */ = {isa = PBXBuildFile; fileRef = 8C6FC6AB1D3E861200F52AE1 /* HandsomeURLSession.h */; settings = {ATTRIBUTES = (Public, ); }; };
		8C6FC6BC1D3E863E00F52AE1 /* HandsomeURLSession.h in Headers */ = {isa = PBXBuildFile; fileRef = 8C6FC6AB1D3E861200F52AE1 /* HandsomeURLSession.h */; settings = {ATTRIBUTES = (Public, ); }; };
		8C6FC6BD1D3E864B00F52AE1 /* URLSessionExtensions.swift in Sources */ = {isa = PBXBuildFile; fileRef = 8C6FC6AA1D3E861200F52AE1 /* URLSessionExtensions.swift */; };
		8C6FC6BE1D3E864B00F52AE1 /* URLSessionExtensions.swift in Sources */ = {isa = PBXBuildFile; fileRef = 8C6FC6AA1D3E861200F52AE1 /* URLSessionExtensions.swift */; };
		8C6FC6BF1D3E864C00F52AE1 /* URLSessionExtensions.swift in Sources */ = {isa = PBXBuildFile; fileRef = 8C6FC6AA1D3E861200F52AE1 /* URLSessionExtensions.swift */; };
/* End PBXBuildFile section */

/* Begin PBXFileReference section */
		8C6FC6731D3E7C2900F52AE1 /* HandsomeURLSession.framework */ = {isa = PBXFileReference; explicitFileType = wrapper.framework; includeInIndex = 0; path = HandsomeURLSession.framework; sourceTree = BUILT_PRODUCTS_DIR; };
		8C6FC6811D3E7F1900F52AE1 /* HandsomeURLSession.framework */ = {isa = PBXFileReference; explicitFileType = wrapper.framework; includeInIndex = 0; path = HandsomeURLSession.framework; sourceTree = BUILT_PRODUCTS_DIR; };
		8C6FC68E1D3E7F2800F52AE1 /* HandsomeURLSession.framework */ = {isa = PBXFileReference; explicitFileType = wrapper.framework; includeInIndex = 0; path = HandsomeURLSession.framework; sourceTree = BUILT_PRODUCTS_DIR; };
		8C6FC69B1D3E7F3800F52AE1 /* HandsomeURLSession.framework */ = {isa = PBXFileReference; explicitFileType = wrapper.framework; includeInIndex = 0; path = HandsomeURLSession.framework; sourceTree = BUILT_PRODUCTS_DIR; };
		8C6FC6AA1D3E861200F52AE1 /* URLSessionExtensions.swift */ = {isa = PBXFileReference; fileEncoding = 4; lastKnownFileType = sourcecode.swift; name = URLSessionExtensions.swift; path = Sources/URLSessionExtensions.swift; sourceTree = "<group>"; };
		8C6FC6AB1D3E861200F52AE1 /* HandsomeURLSession.h */ = {isa = PBXFileReference; fileEncoding = 4; lastKnownFileType = sourcecode.c.h; name = HandsomeURLSession.h; path = Sources/HandsomeURLSession.h; sourceTree = "<group>"; };
		8C6FC6AC1D3E861200F52AE1 /* HandsomeURLSession.modulemap */ = {isa = PBXFileReference; fileEncoding = 4; lastKnownFileType = "sourcecode.module-map"; name = HandsomeURLSession.modulemap; path = Sources/HandsomeURLSession.modulemap; sourceTree = "<group>"; };
		8C6FC6AD1D3E861200F52AE1 /* Info-iOS.plist */ = {isa = PBXFileReference; fileEncoding = 4; lastKnownFileType = text.plist.xml; name = "Info-iOS.plist"; path = "Sources/Info-iOS.plist"; sourceTree = "<group>"; };
		8C6FC6AE1D3E861200F52AE1 /* Info-macOS.plist */ = {isa = PBXFileReference; fileEncoding = 4; lastKnownFileType = text.plist.xml; name = "Info-macOS.plist"; path = "Sources/Info-macOS.plist"; sourceTree = "<group>"; };
		8C6FC6AF1D3E861200F52AE1 /* Info-tvOS.plist */ = {isa = PBXFileReference; fileEncoding = 4; lastKnownFileType = text.plist.xml; name = "Info-tvOS.plist"; path = "Sources/Info-tvOS.plist"; sourceTree = "<group>"; };
		8C6FC6B01D3E861200F52AE1 /* Info-watchOS.plist */ = {isa = PBXFileReference; fileEncoding = 4; lastKnownFileType = text.plist.xml; name = "Info-watchOS.plist"; path = "Sources/Info-watchOS.plist"; sourceTree = "<group>"; };
		8C6FC6D61D3E8D8500F52AE1 /* README.md */ = {isa = PBXFileReference; fileEncoding = 4; lastKnownFileType = net.daringfireball.markdown; path = README.md; sourceTree = "<group>"; };
		8C6FC6D81D3E8D9300F52AE1 /* LICENSE */ = {isa = PBXFileReference; fileEncoding = 4; lastKnownFileType = text; path = LICENSE; sourceTree = "<group>"; };
		8C6FC6DA1D3E9E8F00F52AE1 /* HandsomeURLSession.podspec */ = {isa = PBXFileReference; fileEncoding = 4; indentWidth = 2; lastKnownFileType = text; path = HandsomeURLSession.podspec; sourceTree = "<group>"; tabWidth = 2; };
/* End PBXFileReference section */

/* Begin PBXFrameworksBuildPhase section */
		8C6FC66F1D3E7C2900F52AE1 /* Frameworks */ = {
			isa = PBXFrameworksBuildPhase;
			buildActionMask = 2147483647;
			files = (
			);
			runOnlyForDeploymentPostprocessing = 0;
		};
		8C6FC67D1D3E7F1900F52AE1 /* Frameworks */ = {
			isa = PBXFrameworksBuildPhase;
			buildActionMask = 2147483647;
			files = (
			);
			runOnlyForDeploymentPostprocessing = 0;
		};
		8C6FC68A1D3E7F2800F52AE1 /* Frameworks */ = {
			isa = PBXFrameworksBuildPhase;
			buildActionMask = 2147483647;
			files = (
			);
			runOnlyForDeploymentPostprocessing = 0;
		};
		8C6FC6971D3E7F3800F52AE1 /* Frameworks */ = {
			isa = PBXFrameworksBuildPhase;
			buildActionMask = 2147483647;
			files = (
			);
			runOnlyForDeploymentPostprocessing = 0;
		};
/* End PBXFrameworksBuildPhase section */

/* Begin PBXGroup section */
		8C6FC6671D3E712300F52AE1 = {
			isa = PBXGroup;
			children = (
				8C6FC6D81D3E8D9300F52AE1 /* LICENSE */,
				8C6FC6D61D3E8D8500F52AE1 /* README.md */,
				8C6FC6DA1D3E9E8F00F52AE1 /* HandsomeURLSession.podspec */,
				8C6FC6A91D3E860400F52AE1 /* Sources */,
				8C6FC6741D3E7C2900F52AE1 /* Products */,
			);
			sourceTree = "<group>";
		};
		8C6FC6741D3E7C2900F52AE1 /* Products */ = {
			isa = PBXGroup;
			children = (
				8C6FC6731D3E7C2900F52AE1 /* HandsomeURLSession.framework */,
				8C6FC6811D3E7F1900F52AE1 /* HandsomeURLSession.framework */,
				8C6FC68E1D3E7F2800F52AE1 /* HandsomeURLSession.framework */,
				8C6FC69B1D3E7F3800F52AE1 /* HandsomeURLSession.framework */,
			);
			name = Products;
			sourceTree = "<group>";
		};
		8C6FC6A91D3E860400F52AE1 /* Sources */ = {
			isa = PBXGroup;
			children = (
				8C6FC6AA1D3E861200F52AE1 /* URLSessionExtensions.swift */,
				8C6FC6AB1D3E861200F52AE1 /* HandsomeURLSession.h */,
				8C6FC6AC1D3E861200F52AE1 /* HandsomeURLSession.modulemap */,
				8C6FC6AD1D3E861200F52AE1 /* Info-iOS.plist */,
				8C6FC6AE1D3E861200F52AE1 /* Info-macOS.plist */,
				8C6FC6AF1D3E861200F52AE1 /* Info-tvOS.plist */,
				8C6FC6B01D3E861200F52AE1 /* Info-watchOS.plist */,
			);
			name = Sources;
			sourceTree = "<group>";
		};
/* End PBXGroup section */

/* Begin PBXHeadersBuildPhase section */
		8C6FC6701D3E7C2900F52AE1 /* Headers */ = {
			isa = PBXHeadersBuildPhase;
			buildActionMask = 2147483647;
			files = (
				8C6FC6B21D3E861200F52AE1 /* HandsomeURLSession.h in Headers */,
			);
			runOnlyForDeploymentPostprocessing = 0;
		};
		8C6FC67E1D3E7F1900F52AE1 /* Headers */ = {
			isa = PBXHeadersBuildPhase;
			buildActionMask = 2147483647;
			files = (
				8C6FC6BA1D3E863D00F52AE1 /* HandsomeURLSession.h in Headers */,
			);
			runOnlyForDeploymentPostprocessing = 0;
		};
		8C6FC68B1D3E7F2800F52AE1 /* Headers */ = {
			isa = PBXHeadersBuildPhase;
			buildActionMask = 2147483647;
			files = (
				8C6FC6BB1D3E863D00F52AE1 /* HandsomeURLSession.h in Headers */,
			);
			runOnlyForDeploymentPostprocessing = 0;
		};
		8C6FC6981D3E7F3800F52AE1 /* Headers */ = {
			isa = PBXHeadersBuildPhase;
			buildActionMask = 2147483647;
			files = (
				8C6FC6BC1D3E863E00F52AE1 /* HandsomeURLSession.h in Headers */,
			);
			runOnlyForDeploymentPostprocessing = 0;
		};
/* End PBXHeadersBuildPhase section */

/* Begin PBXNativeTarget section */
		8C6FC6721D3E7C2900F52AE1 /* HandsomeURLSession iOS */ = {
			isa = PBXNativeTarget;
			buildConfigurationList = 8C6FC6791D3E7C2900F52AE1 /* Build configuration list for PBXNativeTarget "HandsomeURLSession iOS" */;
			buildPhases = (
				8C6FC66E1D3E7C2900F52AE1 /* Sources */,
				8C6FC66F1D3E7C2900F52AE1 /* Frameworks */,
				8C6FC6701D3E7C2900F52AE1 /* Headers */,
				8C6FC6711D3E7C2900F52AE1 /* Resources */,
			);
			buildRules = (
			);
			dependencies = (
			);
			name = "HandsomeURLSession iOS";
			productName = "HandsomeURLSession iOS";
			productReference = 8C6FC6731D3E7C2900F52AE1 /* HandsomeURLSession.framework */;
			productType = "com.apple.product-type.framework";
		};
		8C6FC6801D3E7F1900F52AE1 /* HandsomeURLSession watchOS */ = {
			isa = PBXNativeTarget;
			buildConfigurationList = 8C6FC6861D3E7F1900F52AE1 /* Build configuration list for PBXNativeTarget "HandsomeURLSession watchOS" */;
			buildPhases = (
				8C6FC67C1D3E7F1900F52AE1 /* Sources */,
				8C6FC67D1D3E7F1900F52AE1 /* Frameworks */,
				8C6FC67E1D3E7F1900F52AE1 /* Headers */,
				8C6FC67F1D3E7F1900F52AE1 /* Resources */,
			);
			buildRules = (
			);
			dependencies = (
			);
			name = "HandsomeURLSession watchOS";
			productName = "HandsomeURLSession watchOS";
			productReference = 8C6FC6811D3E7F1900F52AE1 /* HandsomeURLSession.framework */;
			productType = "com.apple.product-type.framework";
		};
		8C6FC68D1D3E7F2800F52AE1 /* HandsomeURLSession tvOS */ = {
			isa = PBXNativeTarget;
			buildConfigurationList = 8C6FC6931D3E7F2800F52AE1 /* Build configuration list for PBXNativeTarget "HandsomeURLSession tvOS" */;
			buildPhases = (
				8C6FC6891D3E7F2800F52AE1 /* Sources */,
				8C6FC68A1D3E7F2800F52AE1 /* Frameworks */,
				8C6FC68B1D3E7F2800F52AE1 /* Headers */,
				8C6FC68C1D3E7F2800F52AE1 /* Resources */,
			);
			buildRules = (
			);
			dependencies = (
			);
			name = "HandsomeURLSession tvOS";
			productName = "HandsomeURLSession tvOS";
			productReference = 8C6FC68E1D3E7F2800F52AE1 /* HandsomeURLSession.framework */;
			productType = "com.apple.product-type.framework";
		};
		8C6FC69A1D3E7F3800F52AE1 /* HandsomeURLSession macOS */ = {
			isa = PBXNativeTarget;
			buildConfigurationList = 8C6FC6A01D3E7F3800F52AE1 /* Build configuration list for PBXNativeTarget "HandsomeURLSession macOS" */;
			buildPhases = (
				8C6FC6961D3E7F3800F52AE1 /* Sources */,
				8C6FC6971D3E7F3800F52AE1 /* Frameworks */,
				8C6FC6981D3E7F3800F52AE1 /* Headers */,
				8C6FC6991D3E7F3800F52AE1 /* Resources */,
			);
			buildRules = (
			);
			dependencies = (
			);
			name = "HandsomeURLSession macOS";
			productName = "HandsomeURLSession macOS";
			productReference = 8C6FC69B1D3E7F3800F52AE1 /* HandsomeURLSession.framework */;
			productType = "com.apple.product-type.framework";
		};
/* End PBXNativeTarget section */

/* Begin PBXProject section */
		8C6FC6681D3E712300F52AE1 /* Project object */ = {
			isa = PBXProject;
			attributes = {
				LastUpgradeCheck = 0730;
				TargetAttributes = {
					8C6FC6721D3E7C2900F52AE1 = {
						CreatedOnToolsVersion = 7.3.1;
					};
					8C6FC6801D3E7F1900F52AE1 = {
						CreatedOnToolsVersion = 7.3.1;
					};
					8C6FC68D1D3E7F2800F52AE1 = {
						CreatedOnToolsVersion = 7.3.1;
					};
					8C6FC69A1D3E7F3800F52AE1 = {
						CreatedOnToolsVersion = 7.3.1;
					};
				};
			};
			buildConfigurationList = 8C6FC66B1D3E712300F52AE1 /* Build configuration list for PBXProject "HandsomeURLSession" */;
			compatibilityVersion = "Xcode 3.2";
			developmentRegion = English;
			hasScannedForEncodings = 0;
			knownRegions = (
				en,
			);
			mainGroup = 8C6FC6671D3E712300F52AE1;
			productRefGroup = 8C6FC6741D3E7C2900F52AE1 /* Products */;
			projectDirPath = "";
			projectRoot = "";
			targets = (
				8C6FC6721D3E7C2900F52AE1 /* HandsomeURLSession iOS */,
				8C6FC6801D3E7F1900F52AE1 /* HandsomeURLSession watchOS */,
				8C6FC68D1D3E7F2800F52AE1 /* HandsomeURLSession tvOS */,
				8C6FC69A1D3E7F3800F52AE1 /* HandsomeURLSession macOS */,
			);
		};
/* End PBXProject section */

/* Begin PBXResourcesBuildPhase section */
		8C6FC6711D3E7C2900F52AE1 /* Resources */ = {
			isa = PBXResourcesBuildPhase;
			buildActionMask = 2147483647;
			files = (
			);
			runOnlyForDeploymentPostprocessing = 0;
		};
		8C6FC67F1D3E7F1900F52AE1 /* Resources */ = {
			isa = PBXResourcesBuildPhase;
			buildActionMask = 2147483647;
			files = (
			);
			runOnlyForDeploymentPostprocessing = 0;
		};
		8C6FC68C1D3E7F2800F52AE1 /* Resources */ = {
			isa = PBXResourcesBuildPhase;
			buildActionMask = 2147483647;
			files = (
			);
			runOnlyForDeploymentPostprocessing = 0;
		};
		8C6FC6991D3E7F3800F52AE1 /* Resources */ = {
			isa = PBXResourcesBuildPhase;
			buildActionMask = 2147483647;
			files = (
			);
			runOnlyForDeploymentPostprocessing = 0;
		};
/* End PBXResourcesBuildPhase section */

/* Begin PBXSourcesBuildPhase section */
		8C6FC66E1D3E7C2900F52AE1 /* Sources */ = {
			isa = PBXSourcesBuildPhase;
			buildActionMask = 2147483647;
			files = (
				8C6FC6B11D3E861200F52AE1 /* URLSessionExtensions.swift in Sources */,
			);
			runOnlyForDeploymentPostprocessing = 0;
		};
		8C6FC67C1D3E7F1900F52AE1 /* Sources */ = {
			isa = PBXSourcesBuildPhase;
			buildActionMask = 2147483647;
			files = (
				8C6FC6BD1D3E864B00F52AE1 /* URLSessionExtensions.swift in Sources */,
			);
			runOnlyForDeploymentPostprocessing = 0;
		};
		8C6FC6891D3E7F2800F52AE1 /* Sources */ = {
			isa = PBXSourcesBuildPhase;
			buildActionMask = 2147483647;
			files = (
				8C6FC6BE1D3E864B00F52AE1 /* URLSessionExtensions.swift in Sources */,
			);
			runOnlyForDeploymentPostprocessing = 0;
		};
		8C6FC6961D3E7F3800F52AE1 /* Sources */ = {
			isa = PBXSourcesBuildPhase;
			buildActionMask = 2147483647;
			files = (
				8C6FC6BF1D3E864C00F52AE1 /* URLSessionExtensions.swift in Sources */,
			);
			runOnlyForDeploymentPostprocessing = 0;
		};
/* End PBXSourcesBuildPhase section */

/* Begin XCBuildConfiguration section */
		8C6FC66C1D3E712300F52AE1 /* Debug */ = {
			isa = XCBuildConfiguration;
			buildSettings = {
				IPHONEOS_DEPLOYMENT_TARGET = 9.0;
				MACOSX_DEPLOYMENT_TARGET = 10.9;
			};
			name = Debug;
		};
		8C6FC66D1D3E712300F52AE1 /* Release */ = {
			isa = XCBuildConfiguration;
			buildSettings = {
				IPHONEOS_DEPLOYMENT_TARGET = 9.0;
				MACOSX_DEPLOYMENT_TARGET = 10.9;
			};
			name = Release;
		};
		8C6FC67A1D3E7C2900F52AE1 /* Debug */ = {
			isa = XCBuildConfiguration;
			buildSettings = {
				ALWAYS_SEARCH_USER_PATHS = NO;
				APPLICATION_EXTENSION_API_ONLY = YES;
				CLANG_ANALYZER_NONNULL = YES;
				CLANG_CXX_LANGUAGE_STANDARD = "gnu++0x";
				CLANG_CXX_LIBRARY = "libc++";
				CLANG_ENABLE_MODULES = YES;
				CLANG_ENABLE_OBJC_ARC = YES;
				CLANG_WARN_BOOL_CONVERSION = YES;
				CLANG_WARN_CONSTANT_CONVERSION = YES;
				CLANG_WARN_DIRECT_OBJC_ISA_USAGE = YES_ERROR;
				CLANG_WARN_EMPTY_BODY = YES;
				CLANG_WARN_ENUM_CONVERSION = YES;
				CLANG_WARN_INT_CONVERSION = YES;
				CLANG_WARN_OBJC_ROOT_CLASS = YES_ERROR;
				CLANG_WARN_UNREACHABLE_CODE = YES;
				CLANG_WARN__DUPLICATE_METHOD_MATCH = YES;
				"CODE_SIGN_IDENTITY[sdk=iphoneos*]" = "iPhone Developer";
				COPY_PHASE_STRIP = NO;
				CURRENT_PROJECT_VERSION = 1;
				DEBUG_INFORMATION_FORMAT = dwarf;
				DEFINES_MODULE = YES;
				DYLIB_COMPATIBILITY_VERSION = 1;
				DYLIB_CURRENT_VERSION = 1;
				DYLIB_INSTALL_NAME_BASE = "@rpath";
				ENABLE_STRICT_OBJC_MSGSEND = YES;
				ENABLE_TESTABILITY = YES;
				GCC_C_LANGUAGE_STANDARD = gnu99;
				GCC_DYNAMIC_NO_PIC = NO;
				GCC_NO_COMMON_BLOCKS = YES;
				GCC_OPTIMIZATION_LEVEL = 0;
				GCC_PREPROCESSOR_DEFINITIONS = (
					"DEBUG=1",
					"$(inherited)",
				);
				GCC_WARN_64_TO_32_BIT_CONVERSION = YES;
				GCC_WARN_ABOUT_RETURN_TYPE = YES_ERROR;
				GCC_WARN_UNDECLARED_SELECTOR = YES;
				GCC_WARN_UNINITIALIZED_AUTOS = YES_AGGRESSIVE;
				GCC_WARN_UNUSED_FUNCTION = YES;
				GCC_WARN_UNUSED_VARIABLE = YES;
				INFOPLIST_FILE = "Sources/Info-iOS.plist";
				INSTALL_PATH = "$(LOCAL_LIBRARY_DIR)/Frameworks";
				IPHONEOS_DEPLOYMENT_TARGET = 9.0;
				LD_RUNPATH_SEARCH_PATHS = "$(inherited) @executable_path/Frameworks @loader_path/Frameworks";
				MODULEMAP_PRIVATE_FILE = Sources/HandsomeURLSession.modulemap;
				MTL_ENABLE_DEBUG_INFO = YES;
				ONLY_ACTIVE_ARCH = YES;
				PRODUCT_BUNDLE_IDENTIFIER = "xinmy.name.HandsomeURLSession-iOS";
				PRODUCT_NAME = HandsomeURLSession;
				SDKROOT = iphoneos;
				SKIP_INSTALL = YES;
				SWIFT_OPTIMIZATION_LEVEL = "-Onone";
				TARGETED_DEVICE_FAMILY = "1,2";
				VERSIONING_SYSTEM = "apple-generic";
				VERSION_INFO_PREFIX = "";
			};
			name = Debug;
		};
		8C6FC67B1D3E7C2900F52AE1 /* Release */ = {
			isa = XCBuildConfiguration;
			buildSettings = {
				ALWAYS_SEARCH_USER_PATHS = NO;
				APPLICATION_EXTENSION_API_ONLY = YES;
				CLANG_ANALYZER_NONNULL = YES;
				CLANG_CXX_LANGUAGE_STANDARD = "gnu++0x";
				CLANG_CXX_LIBRARY = "libc++";
				CLANG_ENABLE_MODULES = YES;
				CLANG_ENABLE_OBJC_ARC = YES;
				CLANG_WARN_BOOL_CONVERSION = YES;
				CLANG_WARN_CONSTANT_CONVERSION = YES;
				CLANG_WARN_DIRECT_OBJC_ISA_USAGE = YES_ERROR;
				CLANG_WARN_EMPTY_BODY = YES;
				CLANG_WARN_ENUM_CONVERSION = YES;
				CLANG_WARN_INT_CONVERSION = YES;
				CLANG_WARN_OBJC_ROOT_CLASS = YES_ERROR;
				CLANG_WARN_UNREACHABLE_CODE = YES;
				CLANG_WARN__DUPLICATE_METHOD_MATCH = YES;
				"CODE_SIGN_IDENTITY[sdk=iphoneos*]" = "iPhone Developer";
				COPY_PHASE_STRIP = NO;
				CURRENT_PROJECT_VERSION = 1;
				DEBUG_INFORMATION_FORMAT = "dwarf-with-dsym";
				DEFINES_MODULE = YES;
				DYLIB_COMPATIBILITY_VERSION = 1;
				DYLIB_CURRENT_VERSION = 1;
				DYLIB_INSTALL_NAME_BASE = "@rpath";
				ENABLE_NS_ASSERTIONS = NO;
				ENABLE_STRICT_OBJC_MSGSEND = YES;
				GCC_C_LANGUAGE_STANDARD = gnu99;
				GCC_NO_COMMON_BLOCKS = YES;
				GCC_WARN_64_TO_32_BIT_CONVERSION = YES;
				GCC_WARN_ABOUT_RETURN_TYPE = YES_ERROR;
				GCC_WARN_UNDECLARED_SELECTOR = YES;
				GCC_WARN_UNINITIALIZED_AUTOS = YES_AGGRESSIVE;
				GCC_WARN_UNUSED_FUNCTION = YES;
				GCC_WARN_UNUSED_VARIABLE = YES;
				INFOPLIST_FILE = "Sources/Info-iOS.plist";
				INSTALL_PATH = "$(LOCAL_LIBRARY_DIR)/Frameworks";
				IPHONEOS_DEPLOYMENT_TARGET = 9.0;
				LD_RUNPATH_SEARCH_PATHS = "$(inherited) @executable_path/Frameworks @loader_path/Frameworks";
				MODULEMAP_PRIVATE_FILE = Sources/HandsomeURLSession.modulemap;
				MTL_ENABLE_DEBUG_INFO = NO;
				PRODUCT_BUNDLE_IDENTIFIER = "xinmy.name.HandsomeURLSession-iOS";
				PRODUCT_NAME = HandsomeURLSession;
				SDKROOT = iphoneos;
				SKIP_INSTALL = YES;
				TARGETED_DEVICE_FAMILY = "1,2";
				VALIDATE_PRODUCT = YES;
				VERSIONING_SYSTEM = "apple-generic";
				VERSION_INFO_PREFIX = "";
			};
			name = Release;
		};
		8C6FC6871D3E7F1900F52AE1 /* Debug */ = {
			isa = XCBuildConfiguration;
			buildSettings = {
				ALWAYS_SEARCH_USER_PATHS = NO;
				APPLICATION_EXTENSION_API_ONLY = YES;
				CLANG_ANALYZER_NONNULL = YES;
				CLANG_CXX_LANGUAGE_STANDARD = "gnu++0x";
				CLANG_CXX_LIBRARY = "libc++";
				CLANG_ENABLE_MODULES = YES;
				CLANG_ENABLE_OBJC_ARC = YES;
				CLANG_WARN_BOOL_CONVERSION = YES;
				CLANG_WARN_CONSTANT_CONVERSION = YES;
				CLANG_WARN_DIRECT_OBJC_ISA_USAGE = YES_ERROR;
				CLANG_WARN_EMPTY_BODY = YES;
				CLANG_WARN_ENUM_CONVERSION = YES;
				CLANG_WARN_INT_CONVERSION = YES;
				CLANG_WARN_OBJC_ROOT_CLASS = YES_ERROR;
				CLANG_WARN_UNREACHABLE_CODE = YES;
				CLANG_WARN__DUPLICATE_METHOD_MATCH = YES;
				COPY_PHASE_STRIP = NO;
				CURRENT_PROJECT_VERSION = 1;
				DEBUG_INFORMATION_FORMAT = dwarf;
				DEFINES_MODULE = YES;
				DYLIB_COMPATIBILITY_VERSION = 1;
				DYLIB_CURRENT_VERSION = 1;
				DYLIB_INSTALL_NAME_BASE = "@rpath";
				ENABLE_STRICT_OBJC_MSGSEND = YES;
				ENABLE_TESTABILITY = YES;
				GCC_C_LANGUAGE_STANDARD = gnu99;
				GCC_DYNAMIC_NO_PIC = NO;
				GCC_NO_COMMON_BLOCKS = YES;
				GCC_OPTIMIZATION_LEVEL = 0;
				GCC_PREPROCESSOR_DEFINITIONS = (
					"DEBUG=1",
					"$(inherited)",
				);
				GCC_WARN_64_TO_32_BIT_CONVERSION = YES;
				GCC_WARN_ABOUT_RETURN_TYPE = YES_ERROR;
				GCC_WARN_UNDECLARED_SELECTOR = YES;
				GCC_WARN_UNINITIALIZED_AUTOS = YES_AGGRESSIVE;
				GCC_WARN_UNUSED_FUNCTION = YES;
				GCC_WARN_UNUSED_VARIABLE = YES;
				INFOPLIST_FILE = "Sources/Info-watchOS.plist";
				INSTALL_PATH = "$(LOCAL_LIBRARY_DIR)/Frameworks";
				LD_RUNPATH_SEARCH_PATHS = "$(inherited) @executable_path/Frameworks @loader_path/Frameworks";
				MODULEMAP_PRIVATE_FILE = Sources/HandsomeURLSession.modulemap;
				MTL_ENABLE_DEBUG_INFO = YES;
				ONLY_ACTIVE_ARCH = YES;
				PRODUCT_BUNDLE_IDENTIFIER = "xinmy.name.HandsomeURLSession-watchOS";
				PRODUCT_NAME = HandsomeURLSession;
				SDKROOT = watchos;
				SKIP_INSTALL = YES;
				SWIFT_OPTIMIZATION_LEVEL = "-Onone";
				TARGETED_DEVICE_FAMILY = 4;
				VERSIONING_SYSTEM = "apple-generic";
				VERSION_INFO_PREFIX = "";
				WATCHOS_DEPLOYMENT_TARGET = 2.0;
			};
			name = Debug;
		};
		8C6FC6881D3E7F1900F52AE1 /* Release */ = {
			isa = XCBuildConfiguration;
			buildSettings = {
				ALWAYS_SEARCH_USER_PATHS = NO;
				APPLICATION_EXTENSION_API_ONLY = YES;
				CLANG_ANALYZER_NONNULL = YES;
				CLANG_CXX_LANGUAGE_STANDARD = "gnu++0x";
				CLANG_CXX_LIBRARY = "libc++";
				CLANG_ENABLE_MODULES = YES;
				CLANG_ENABLE_OBJC_ARC = YES;
				CLANG_WARN_BOOL_CONVERSION = YES;
				CLANG_WARN_CONSTANT_CONVERSION = YES;
				CLANG_WARN_DIRECT_OBJC_ISA_USAGE = YES_ERROR;
				CLANG_WARN_EMPTY_BODY = YES;
				CLANG_WARN_ENUM_CONVERSION = YES;
				CLANG_WARN_INT_CONVERSION = YES;
				CLANG_WARN_OBJC_ROOT_CLASS = YES_ERROR;
				CLANG_WARN_UNREACHABLE_CODE = YES;
				CLANG_WARN__DUPLICATE_METHOD_MATCH = YES;
				COPY_PHASE_STRIP = NO;
				CURRENT_PROJECT_VERSION = 1;
				DEBUG_INFORMATION_FORMAT = "dwarf-with-dsym";
				DEFINES_MODULE = YES;
				DYLIB_COMPATIBILITY_VERSION = 1;
				DYLIB_CURRENT_VERSION = 1;
				DYLIB_INSTALL_NAME_BASE = "@rpath";
				ENABLE_NS_ASSERTIONS = NO;
				ENABLE_STRICT_OBJC_MSGSEND = YES;
				GCC_C_LANGUAGE_STANDARD = gnu99;
				GCC_NO_COMMON_BLOCKS = YES;
				GCC_WARN_64_TO_32_BIT_CONVERSION = YES;
				GCC_WARN_ABOUT_RETURN_TYPE = YES_ERROR;
				GCC_WARN_UNDECLARED_SELECTOR = YES;
				GCC_WARN_UNINITIALIZED_AUTOS = YES_AGGRESSIVE;
				GCC_WARN_UNUSED_FUNCTION = YES;
				GCC_WARN_UNUSED_VARIABLE = YES;
				INFOPLIST_FILE = "Sources/Info-watchOS.plist";
				INSTALL_PATH = "$(LOCAL_LIBRARY_DIR)/Frameworks";
				LD_RUNPATH_SEARCH_PATHS = "$(inherited) @executable_path/Frameworks @loader_path/Frameworks";
				MODULEMAP_PRIVATE_FILE = Sources/HandsomeURLSession.modulemap;
				MTL_ENABLE_DEBUG_INFO = NO;
				PRODUCT_BUNDLE_IDENTIFIER = "xinmy.name.HandsomeURLSession-watchOS";
				PRODUCT_NAME = HandsomeURLSession;
				SDKROOT = watchos;
				SKIP_INSTALL = YES;
				TARGETED_DEVICE_FAMILY = 4;
				VALIDATE_PRODUCT = YES;
				VERSIONING_SYSTEM = "apple-generic";
				VERSION_INFO_PREFIX = "";
				WATCHOS_DEPLOYMENT_TARGET = 2.0;
			};
			name = Release;
		};
		8C6FC6941D3E7F2800F52AE1 /* Debug */ = {
			isa = XCBuildConfiguration;
			buildSettings = {
				ALWAYS_SEARCH_USER_PATHS = NO;
				APPLICATION_EXTENSION_API_ONLY = YES;
				CLANG_ANALYZER_NONNULL = YES;
				CLANG_CXX_LANGUAGE_STANDARD = "gnu++0x";
				CLANG_CXX_LIBRARY = "libc++";
				CLANG_ENABLE_MODULES = YES;
				CLANG_ENABLE_OBJC_ARC = YES;
				CLANG_WARN_BOOL_CONVERSION = YES;
				CLANG_WARN_CONSTANT_CONVERSION = YES;
				CLANG_WARN_DIRECT_OBJC_ISA_USAGE = YES_ERROR;
				CLANG_WARN_EMPTY_BODY = YES;
				CLANG_WARN_ENUM_CONVERSION = YES;
				CLANG_WARN_INT_CONVERSION = YES;
				CLANG_WARN_OBJC_ROOT_CLASS = YES_ERROR;
				CLANG_WARN_UNREACHABLE_CODE = YES;
				CLANG_WARN__DUPLICATE_METHOD_MATCH = YES;
				COPY_PHASE_STRIP = NO;
				CURRENT_PROJECT_VERSION = 1;
				DEBUG_INFORMATION_FORMAT = dwarf;
				DEFINES_MODULE = YES;
				DYLIB_COMPATIBILITY_VERSION = 1;
				DYLIB_CURRENT_VERSION = 1;
				DYLIB_INSTALL_NAME_BASE = "@rpath";
				ENABLE_STRICT_OBJC_MSGSEND = YES;
				ENABLE_TESTABILITY = YES;
				GCC_C_LANGUAGE_STANDARD = gnu99;
				GCC_DYNAMIC_NO_PIC = NO;
				GCC_NO_COMMON_BLOCKS = YES;
				GCC_OPTIMIZATION_LEVEL = 0;
				GCC_PREPROCESSOR_DEFINITIONS = (
					"DEBUG=1",
					"$(inherited)",
				);
				GCC_WARN_64_TO_32_BIT_CONVERSION = YES;
				GCC_WARN_ABOUT_RETURN_TYPE = YES_ERROR;
				GCC_WARN_UNDECLARED_SELECTOR = YES;
				GCC_WARN_UNINITIALIZED_AUTOS = YES_AGGRESSIVE;
				GCC_WARN_UNUSED_FUNCTION = YES;
				GCC_WARN_UNUSED_VARIABLE = YES;
				INFOPLIST_FILE = "Sources/Info-tvOS.plist";
				INSTALL_PATH = "$(LOCAL_LIBRARY_DIR)/Frameworks";
				LD_RUNPATH_SEARCH_PATHS = "$(inherited) @executable_path/Frameworks @loader_path/Frameworks";
				MODULEMAP_PRIVATE_FILE = Sources/HandsomeURLSession.modulemap;
				MTL_ENABLE_DEBUG_INFO = YES;
				ONLY_ACTIVE_ARCH = YES;
				PRODUCT_BUNDLE_IDENTIFIER = "xinmy.name.HandsomeURLSession-tvOS";
				PRODUCT_NAME = HandsomeURLSession;
				SDKROOT = appletvos;
				SKIP_INSTALL = YES;
				SWIFT_OPTIMIZATION_LEVEL = "-Onone";
				TARGETED_DEVICE_FAMILY = 3;
				TVOS_DEPLOYMENT_TARGET = 9.0;
				VERSIONING_SYSTEM = "apple-generic";
				VERSION_INFO_PREFIX = "";
			};
			name = Debug;
		};
		8C6FC6951D3E7F2800F52AE1 /* Release */ = {
			isa = XCBuildConfiguration;
			buildSettings = {
				ALWAYS_SEARCH_USER_PATHS = NO;
				APPLICATION_EXTENSION_API_ONLY = YES;
				CLANG_ANALYZER_NONNULL = YES;
				CLANG_CXX_LANGUAGE_STANDARD = "gnu++0x";
				CLANG_CXX_LIBRARY = "libc++";
				CLANG_ENABLE_MODULES = YES;
				CLANG_ENABLE_OBJC_ARC = YES;
				CLANG_WARN_BOOL_CONVERSION = YES;
				CLANG_WARN_CONSTANT_CONVERSION = YES;
				CLANG_WARN_DIRECT_OBJC_ISA_USAGE = YES_ERROR;
				CLANG_WARN_EMPTY_BODY = YES;
				CLANG_WARN_ENUM_CONVERSION = YES;
				CLANG_WARN_INT_CONVERSION = YES;
				CLANG_WARN_OBJC_ROOT_CLASS = YES_ERROR;
				CLANG_WARN_UNREACHABLE_CODE = YES;
				CLANG_WARN__DUPLICATE_METHOD_MATCH = YES;
				COPY_PHASE_STRIP = NO;
				CURRENT_PROJECT_VERSION = 1;
				DEBUG_INFORMATION_FORMAT = "dwarf-with-dsym";
				DEFINES_MODULE = YES;
				DYLIB_COMPATIBILITY_VERSION = 1;
				DYLIB_CURRENT_VERSION = 1;
				DYLIB_INSTALL_NAME_BASE = "@rpath";
				ENABLE_NS_ASSERTIONS = NO;
				ENABLE_STRICT_OBJC_MSGSEND = YES;
				GCC_C_LANGUAGE_STANDARD = gnu99;
				GCC_NO_COMMON_BLOCKS = YES;
				GCC_WARN_64_TO_32_BIT_CONVERSION = YES;
				GCC_WARN_ABOUT_RETURN_TYPE = YES_ERROR;
				GCC_WARN_UNDECLARED_SELECTOR = YES;
				GCC_WARN_UNINITIALIZED_AUTOS = YES_AGGRESSIVE;
				GCC_WARN_UNUSED_FUNCTION = YES;
				GCC_WARN_UNUSED_VARIABLE = YES;
				INFOPLIST_FILE = "Sources/Info-tvOS.plist";
				INSTALL_PATH = "$(LOCAL_LIBRARY_DIR)/Frameworks";
				LD_RUNPATH_SEARCH_PATHS = "$(inherited) @executable_path/Frameworks @loader_path/Frameworks";
				MODULEMAP_PRIVATE_FILE = Sources/HandsomeURLSession.modulemap;
				MTL_ENABLE_DEBUG_INFO = NO;
				PRODUCT_BUNDLE_IDENTIFIER = "xinmy.name.HandsomeURLSession-tvOS";
				PRODUCT_NAME = HandsomeURLSession;
				SDKROOT = appletvos;
				SKIP_INSTALL = YES;
				TARGETED_DEVICE_FAMILY = 3;
				TVOS_DEPLOYMENT_TARGET = 9.0;
				VALIDATE_PRODUCT = YES;
				VERSIONING_SYSTEM = "apple-generic";
				VERSION_INFO_PREFIX = "";
			};
			name = Release;
		};
		8C6FC6A11D3E7F3800F52AE1 /* Debug */ = {
			isa = XCBuildConfiguration;
			buildSettings = {
				ALWAYS_SEARCH_USER_PATHS = NO;
				APPLICATION_EXTENSION_API_ONLY = YES;
				CLANG_ANALYZER_NONNULL = YES;
				CLANG_CXX_LANGUAGE_STANDARD = "gnu++0x";
				CLANG_CXX_LIBRARY = "libc++";
				CLANG_ENABLE_MODULES = YES;
				CLANG_ENABLE_OBJC_ARC = YES;
				CLANG_WARN_BOOL_CONVERSION = YES;
				CLANG_WARN_CONSTANT_CONVERSION = YES;
				CLANG_WARN_DIRECT_OBJC_ISA_USAGE = YES_ERROR;
				CLANG_WARN_EMPTY_BODY = YES;
				CLANG_WARN_ENUM_CONVERSION = YES;
				CLANG_WARN_INT_CONVERSION = YES;
				CLANG_WARN_OBJC_ROOT_CLASS = YES_ERROR;
				CLANG_WARN_UNREACHABLE_CODE = YES;
				CLANG_WARN__DUPLICATE_METHOD_MATCH = YES;
				CODE_SIGN_IDENTITY = "-";
				COMBINE_HIDPI_IMAGES = YES;
				COPY_PHASE_STRIP = NO;
				CURRENT_PROJECT_VERSION = 1;
				DEBUG_INFORMATION_FORMAT = dwarf;
				DEFINES_MODULE = YES;
				DYLIB_COMPATIBILITY_VERSION = 1;
				DYLIB_CURRENT_VERSION = 1;
				DYLIB_INSTALL_NAME_BASE = "@rpath";
				ENABLE_STRICT_OBJC_MSGSEND = YES;
				ENABLE_TESTABILITY = YES;
				FRAMEWORK_VERSION = A;
				GCC_C_LANGUAGE_STANDARD = gnu99;
				GCC_DYNAMIC_NO_PIC = NO;
				GCC_NO_COMMON_BLOCKS = YES;
				GCC_OPTIMIZATION_LEVEL = 0;
				GCC_PREPROCESSOR_DEFINITIONS = (
					"DEBUG=1",
					"$(inherited)",
				);
				GCC_WARN_64_TO_32_BIT_CONVERSION = YES;
				GCC_WARN_ABOUT_RETURN_TYPE = YES_ERROR;
				GCC_WARN_UNDECLARED_SELECTOR = YES;
				GCC_WARN_UNINITIALIZED_AUTOS = YES_AGGRESSIVE;
				GCC_WARN_UNUSED_FUNCTION = YES;
				GCC_WARN_UNUSED_VARIABLE = YES;
				INFOPLIST_FILE = "Sources/Info-macOS.plist";
				INSTALL_PATH = "$(LOCAL_LIBRARY_DIR)/Frameworks";
				LD_RUNPATH_SEARCH_PATHS = "$(inherited) @executable_path/../Frameworks @loader_path/Frameworks";
				MACOSX_DEPLOYMENT_TARGET = 10.9;
				MODULEMAP_PRIVATE_FILE = Sources/HandsomeURLSession.modulemap;
				MTL_ENABLE_DEBUG_INFO = YES;
				ONLY_ACTIVE_ARCH = YES;
				PRODUCT_BUNDLE_IDENTIFIER = "xinmy.name.HandsomeURLSession-macOS";
				PRODUCT_NAME = HandsomeURLSession;
				SDKROOT = macosx;
				SKIP_INSTALL = YES;
				SWIFT_OPTIMIZATION_LEVEL = "-Onone";
				VERSIONING_SYSTEM = "apple-generic";
				VERSION_INFO_PREFIX = "";
			};
			name = Debug;
		};
		8C6FC6A21D3E7F3800F52AE1 /* Release */ = {
			isa = XCBuildConfiguration;
			buildSettings = {
				ALWAYS_SEARCH_USER_PATHS = NO;
				APPLICATION_EXTENSION_API_ONLY = YES;
				CLANG_ANALYZER_NONNULL = YES;
				CLANG_CXX_LANGUAGE_STANDARD = "gnu++0x";
				CLANG_CXX_LIBRARY = "libc++";
				CLANG_ENABLE_MODULES = YES;
				CLANG_ENABLE_OBJC_ARC = YES;
				CLANG_WARN_BOOL_CONVERSION = YES;
				CLANG_WARN_CONSTANT_CONVERSION = YES;
				CLANG_WARN_DIRECT_OBJC_ISA_USAGE = YES_ERROR;
				CLANG_WARN_EMPTY_BODY = YES;
				CLANG_WARN_ENUM_CONVERSION = YES;
				CLANG_WARN_INT_CONVERSION = YES;
				CLANG_WARN_OBJC_ROOT_CLASS = YES_ERROR;
				CLANG_WARN_UNREACHABLE_CODE = YES;
				CLANG_WARN__DUPLICATE_METHOD_MATCH = YES;
				CODE_SIGN_IDENTITY = "-";
				COMBINE_HIDPI_IMAGES = YES;
				COPY_PHASE_STRIP = NO;
				CURRENT_PROJECT_VERSION = 1;
				DEBUG_INFORMATION_FORMAT = "dwarf-with-dsym";
				DEFINES_MODULE = YES;
				DYLIB_COMPATIBILITY_VERSION = 1;
				DYLIB_CURRENT_VERSION = 1;
				DYLIB_INSTALL_NAME_BASE = "@rpath";
				ENABLE_NS_ASSERTIONS = NO;
				ENABLE_STRICT_OBJC_MSGSEND = YES;
				FRAMEWORK_VERSION = A;
				GCC_C_LANGUAGE_STANDARD = gnu99;
				GCC_NO_COMMON_BLOCKS = YES;
				GCC_WARN_64_TO_32_BIT_CONVERSION = YES;
				GCC_WARN_ABOUT_RETURN_TYPE = YES_ERROR;
				GCC_WARN_UNDECLARED_SELECTOR = YES;
				GCC_WARN_UNINITIALIZED_AUTOS = YES_AGGRESSIVE;
				GCC_WARN_UNUSED_FUNCTION = YES;
				GCC_WARN_UNUSED_VARIABLE = YES;
				INFOPLIST_FILE = "Sources/Info-macOS.plist";
				INSTALL_PATH = "$(LOCAL_LIBRARY_DIR)/Frameworks";
				LD_RUNPATH_SEARCH_PATHS = "$(inherited) @executable_path/../Frameworks @loader_path/Frameworks";
				MACOSX_DEPLOYMENT_TARGET = 10.9;
				MODULEMAP_PRIVATE_FILE = Sources/HandsomeURLSession.modulemap;
				MTL_ENABLE_DEBUG_INFO = NO;
				PRODUCT_BUNDLE_IDENTIFIER = "xinmy.name.HandsomeURLSession-macOS";
				PRODUCT_NAME = HandsomeURLSession;
				SDKROOT = macosx;
				SKIP_INSTALL = YES;
				VERSIONING_SYSTEM = "apple-generic";
				VERSION_INFO_PREFIX = "";
			};
			name = Release;
		};
/* End XCBuildConfiguration section */

/* Begin XCConfigurationList section */
		8C6FC66B1D3E712300F52AE1 /* Build configuration list for PBXProject "HandsomeURLSession" */ = {
			isa = XCConfigurationList;
			buildConfigurations = (
				8C6FC66C1D3E712300F52AE1 /* Debug */,
				8C6FC66D1D3E712300F52AE1 /* Release */,
			);
			defaultConfigurationIsVisible = 0;
			defaultConfigurationName = Release;
		};
		8C6FC6791D3E7C2900F52AE1 /* Build configuration list for PBXNativeTarget "HandsomeURLSession iOS" */ = {
			isa = XCConfigurationList;
			buildConfigurations = (
				8C6FC67A1D3E7C2900F52AE1 /* Debug */,
				8C6FC67B1D3E7C2900F52AE1 /* Release */,
			);
			defaultConfigurationIsVisible = 0;
		};
		8C6FC6861D3E7F1900F52AE1 /* Build configuration list for PBXNativeTarget "HandsomeURLSession watchOS" */ = {
			isa = XCConfigurationList;
			buildConfigurations = (
				8C6FC6871D3E7F1900F52AE1 /* Debug */,
				8C6FC6881D3E7F1900F52AE1 /* Release */,
			);
			defaultConfigurationIsVisible = 0;
		};
		8C6FC6931D3E7F2800F52AE1 /* Build configuration list for PBXNativeTarget "HandsomeURLSession tvOS" */ = {
			isa = XCConfigurationList;
			buildConfigurations = (
				8C6FC6941D3E7F2800F52AE1 /* Debug */,
				8C6FC6951D3E7F2800F52AE1 /* Release */,
			);
			defaultConfigurationIsVisible = 0;
		};
		8C6FC6A01D3E7F3800F52AE1 /* Build configuration list for PBXNativeTarget "HandsomeURLSession macOS" */ = {
			isa = XCConfigurationList;
			buildConfigurations = (
				8C6FC6A11D3E7F3800F52AE1 /* Debug */,
				8C6FC6A21D3E7F3800F52AE1 /* Release */,
			);
			defaultConfigurationIsVisible = 0;
		};
/* End XCConfigurationList section */
	};
	rootObject = 8C6FC6681D3E712300F52AE1 /* Project object */;
}
